
Microsoft Visual Studio Solution File, Format Version 12.00
# Visual Studio Version 17
VisualStudioVersion = 17.10.34607.79
MinimumVisualStudioVersion = 10.0.40219.1
Project("{FAE04EC0-301F-11D3-BF4B-00C04F79EFBC}") = "Nameplate", "Nameplate.csproj", "{C8FAACC9-5BF5-48EA-A34C-E1586B6C9E38}"
EndProject
Global
	GlobalSection(SolutionConfigurationPlatforms) = preSolution
		Debug|Any CPU = Debug|Any CPU
		Release|Any CPU = Release|Any CPU
	EndGlobalSection
	GlobalSection(ProjectConfigurationPlatforms) = postSolution
		{C8FAACC9-5BF5-48EA-A34C-E1586B6C9E38}.Debug|Any CPU.ActiveCfg = Debug|Any CPU
		{C8FAACC9-5BF5-48EA-A34C-E1586B6C9E38}.Debug|Any CPU.Build.0 = Debug|Any CPU
		{C8FAACC9-5BF5-48EA-A34C-E1586B6C9E38}.Release|Any CPU.ActiveCfg = Release|Any CPU
		{C8FAACC9-5BF5-48EA-A34C-E1586B6C9E38}.Release|Any CPU.Build.0 = Release|Any CPU
	EndGlobalSection
	GlobalSection(SolutionProperties) = preSolution
		HideSolutionNode = FALSE
	EndGlobalSection
	GlobalSection(ExtensibilityGlobals) = postSolution
		SolutionGuid = {C769EF43-A15F-4567-8174-567FF3C864F6}
	EndGlobalSection
EndGlobal
